
Microsoft Visual Studio Solution File, Format Version 12.00
# Visual Studio Version 16
VisualStudioVersion = 16.0.32602.290
MinimumVisualStudioVersion = 10.0.40219.1
Project("{FAE04EC0-301F-11D3-BF4B-00C04F79EFBC}") = "PixelArt", "PixelArt\PixelArt.csproj", "{318613DF-17D6-4670-A661-8CEE08D857B0}"
EndProject
Global
	GlobalSection(SolutionConfigurationPlatforms) = preSolution
		Debug|Any CPU = Debug|Any CPU
		Release|Any CPU = Release|Any CPU
	EndGlobalSection
	GlobalSection(ProjectConfigurationPlatforms) = postSolution
		{318613DF-17D6-4670-A661-8CEE08D857B0}.Debug|Any CPU.ActiveCfg = Debug|Any CPU
		{318613DF-17D6-4670-A661-8CEE08D857B0}.Debug|Any CPU.Build.0 = Debug|Any CPU
		{318613DF-17D6-4670-A661-8CEE08D857B0}.Release|Any CPU.ActiveCfg = Release|Any CPU
		{318613DF-17D6-4670-A661-8CEE08D857B0}.Release|Any CPU.Build.0 = Release|Any CPU
	EndGlobalSection
	GlobalSection(SolutionProperties) = preSolution
		HideSolutionNode = FALSE
	EndGlobalSection
	GlobalSection(ExtensibilityGlobals) = postSolution
		SolutionGuid = {D9947614-1AC0-4815-BAA3-C4018DC2B640}
	EndGlobalSection
EndGlobal
